
Microsoft Visual Studio Solution File, Format Version 12.00
# Visual Studio 15
VisualStudioVersion = 15.0.28307.421
MinimumVisualStudioVersion = 10.0.40219.1
Project("{FAE04EC0-301F-11D3-BF4B-00C04F79EFBC}") = "Curs_Test", "Curs_Test\Curs_Test.csproj", "{0C077199-F846-4984-ABF0-B690FAC596F4}"
EndProject
Global
	GlobalSection(SolutionConfigurationPlatforms) = preSolution
		Debug|Any CPU = Debug|Any CPU
		Release|Any CPU = Release|Any CPU
	EndGlobalSection
	GlobalSection(ProjectConfigurationPlatforms) = postSolution
		{0C077199-F846-4984-ABF0-B690FAC596F4}.Debug|Any CPU.ActiveCfg = Debug|Any CPU
		{0C077199-F846-4984-ABF0-B690FAC596F4}.Debug|Any CPU.Build.0 = Debug|Any CPU
		{0C077199-F846-4984-ABF0-B690FAC596F4}.Release|Any CPU.ActiveCfg = Release|Any CPU
		{0C077199-F846-4984-ABF0-B690FAC596F4}.Release|Any CPU.Build.0 = Release|Any CPU
	EndGlobalSection
	GlobalSection(SolutionProperties) = preSolution
		HideSolutionNode = FALSE
	EndGlobalSection
	GlobalSection(ExtensibilityGlobals) = postSolution
		SolutionGuid = {18C7F4B0-93A0-441C-B98A-714353F5808C}
	EndGlobalSection
EndGlobal
